
Microsoft Visual Studio Solution File, Format Version 12.00
# Visual Studio Version 16
VisualStudioVersion = 16.0.30907.101
MinimumVisualStudioVersion = 10.0.40219.1
Project("{FAE04EC0-301F-11D3-BF4B-00C04F79EFBC}") = "Final", "Final\Final.csproj", "{B9E6577E-6088-4E4B-B49C-817495374797}"
EndProject
Global
	GlobalSection(SolutionConfigurationPlatforms) = preSolution
		Debug|Any CPU = Debug|Any CPU
		Release|Any CPU = Release|Any CPU
	EndGlobalSection
	GlobalSection(ProjectConfigurationPlatforms) = postSolution
		{B9E6577E-6088-4E4B-B49C-817495374797}.Debug|Any CPU.ActiveCfg = Debug|Any CPU
		{B9E6577E-6088-4E4B-B49C-817495374797}.Debug|Any CPU.Build.0 = Debug|Any CPU
		{B9E6577E-6088-4E4B-B49C-817495374797}.Release|Any CPU.ActiveCfg = Release|Any CPU
		{B9E6577E-6088-4E4B-B49C-817495374797}.Release|Any CPU.Build.0 = Release|Any CPU
	EndGlobalSection
	GlobalSection(SolutionProperties) = preSolution
		HideSolutionNode = FALSE
	EndGlobalSection
	GlobalSection(ExtensibilityGlobals) = postSolution
		SolutionGuid = {15721E16-455F-4222-9CA4-BC0F5795EB47}
	EndGlobalSection
EndGlobal
